
Microsoft Visual Studio Solution File, Format Version 12.00
# Visual Studio Version 17
VisualStudioVersion = 17.7.34024.191
MinimumVisualStudioVersion = 10.0.40219.1
Project("{2150E333-8FDC-42A3-9474-1A3956D46DE8}") = "Domain", "Domain", "{EA19A1E3-63DD-413C-A05B-C4C8FCD63C02}"
EndProject
Project("{2150E333-8FDC-42A3-9474-1A3956D46DE8}") = "Data", "Data", "{D3A4FCD0-5E88-400A-A546-8BDB016F3705}"
EndProject
Project("{FAE04EC0-301F-11D3-BF4B-00C04F79EFBC}") = "FinanceFlix.Domain", "FinanceFlix.Domain\FinanceFlix.Domain.csproj", "{B87EAC64-053B-4E2D-B80B-E92CA828703D}"
EndProject
Project("{FAE04EC0-301F-11D3-BF4B-00C04F79EFBC}") = "FinanceFlix.Data", "FinanceFlix.Data\FinanceFlix.Data.csproj", "{7A2A6ED4-AFAF-4D18-9F36-F8D8E129A476}"
EndProject
Project("{2150E333-8FDC-42A3-9474-1A3956D46DE8}") = "Apis", "Apis", "{BE9695DD-E211-49C8-B048-FCA678780FD1}"
EndProject
Project("{FAE04EC0-301F-11D3-BF4B-00C04F79EFBC}") = "FinanceFlix.API", "FinanceFlix.API\FinanceFlix.API.csproj", "{4CC1C55F-A40B-4AB6-9541-BE9E408D5379}"
	ProjectSection(ProjectDependencies) = postProject
		{7A2A6ED4-AFAF-4D18-9F36-F8D8E129A476} = {7A2A6ED4-AFAF-4D18-9F36-F8D8E129A476}
		{B87EAC64-053B-4E2D-B80B-E92CA828703D} = {B87EAC64-053B-4E2D-B80B-E92CA828703D}
	EndProjectSection
EndProject
Global
	GlobalSection(SolutionConfigurationPlatforms) = preSolution
		Debug|Any CPU = Debug|Any CPU
		Release|Any CPU = Release|Any CPU
	EndGlobalSection
	GlobalSection(ProjectConfigurationPlatforms) = postSolution
		{B87EAC64-053B-4E2D-B80B-E92CA828703D}.Debug|Any CPU.ActiveCfg = Debug|Any CPU
		{B87EAC64-053B-4E2D-B80B-E92CA828703D}.Debug|Any CPU.Build.0 = Debug|Any CPU
		{B87EAC64-053B-4E2D-B80B-E92CA828703D}.Release|Any CPU.ActiveCfg = Release|Any CPU
		{B87EAC64-053B-4E2D-B80B-E92CA828703D}.Release|Any CPU.Build.0 = Release|Any CPU
		{7A2A6ED4-AFAF-4D18-9F36-F8D8E129A476}.Debug|Any CPU.ActiveCfg = Debug|Any CPU
		{7A2A6ED4-AFAF-4D18-9F36-F8D8E129A476}.Debug|Any CPU.Build.0 = Debug|Any CPU
		{7A2A6ED4-AFAF-4D18-9F36-F8D8E129A476}.Release|Any CPU.ActiveCfg = Release|Any CPU
		{7A2A6ED4-AFAF-4D18-9F36-F8D8E129A476}.Release|Any CPU.Build.0 = Release|Any CPU
		{4CC1C55F-A40B-4AB6-9541-BE9E408D5379}.Debug|Any CPU.ActiveCfg = Debug|Any CPU
		{4CC1C55F-A40B-4AB6-9541-BE9E408D5379}.Debug|Any CPU.Build.0 = Debug|Any CPU
		{4CC1C55F-A40B-4AB6-9541-BE9E408D5379}.Release|Any CPU.ActiveCfg = Release|Any CPU
		{4CC1C55F-A40B-4AB6-9541-BE9E408D5379}.Release|Any CPU.Build.0 = Release|Any CPU
	EndGlobalSection
	GlobalSection(SolutionProperties) = preSolution
		HideSolutionNode = FALSE
	EndGlobalSection
	GlobalSection(NestedProjects) = preSolution
		{B87EAC64-053B-4E2D-B80B-E92CA828703D} = {EA19A1E3-63DD-413C-A05B-C4C8FCD63C02}
		{7A2A6ED4-AFAF-4D18-9F36-F8D8E129A476} = {D3A4FCD0-5E88-400A-A546-8BDB016F3705}
		{4CC1C55F-A40B-4AB6-9541-BE9E408D5379} = {BE9695DD-E211-49C8-B048-FCA678780FD1}
	EndGlobalSection
	GlobalSection(ExtensibilityGlobals) = postSolution
		SolutionGuid = {ED6EE6CC-1456-408A-80BE-CCEE6FE2EF19}
	EndGlobalSection
EndGlobal
